
Microsoft Visual Studio Solution File, Format Version 12.00
Project("{FAE04EC0-301F-11D3-BF4B-00C04F79EFBC}") = "BluetrainTests", "BluetrainTests\BluetrainTests.csproj", "{41F7E31F-763A-4B69-96A8-200D0E95E1D3}"
EndProject
Project("{FAE04EC0-301F-11D3-BF4B-00C04F79EFBC}") = "Containers", "Containers\Containers.csproj", "{64DFD90F-0E8F-4572-A640-26E3865370E5}"
EndProject
Project("{FAE04EC0-301F-11D3-BF4B-00C04F79EFBC}") = "Terminal", "Terminal\Terminal.csproj", "{DB4E15BC-AC41-4F2D-ABB1-BAB8403642C5}"
EndProject
Project("{FAE04EC0-301F-11D3-BF4B-00C04F79EFBC}") = "Shared", "Shared\Shared.csproj", "{B1C24F0D-2F2B-40E1-9ACF-79FE9DE63744}"
EndProject
Project("{FAE04EC0-301F-11D3-BF4B-00C04F79EFBC}") = "BluetrainApi", "BluetrainApi\BluetrainApi.csproj", "{C63259FD-A6B0-4EEB-B4DA-EA9D5FCED830}"
EndProject
Project("{FAE04EC0-301F-11D3-BF4B-00C04F79EFBC}") = "TerminalDashboard", "TerminalDashboard\TerminalDashboard.csproj", "{D7E478CA-1151-4AC1-9980-65AA85D7B79A}"
EndProject
Global
	GlobalSection(SolutionConfigurationPlatforms) = preSolution
		Debug|Any CPU = Debug|Any CPU
		Release|Any CPU = Release|Any CPU
	EndGlobalSection
	GlobalSection(ProjectConfigurationPlatforms) = postSolution
		{41F7E31F-763A-4B69-96A8-200D0E95E1D3}.Debug|Any CPU.ActiveCfg = Debug|Any CPU
		{41F7E31F-763A-4B69-96A8-200D0E95E1D3}.Debug|Any CPU.Build.0 = Debug|Any CPU
		{41F7E31F-763A-4B69-96A8-200D0E95E1D3}.Release|Any CPU.ActiveCfg = Release|Any CPU
		{41F7E31F-763A-4B69-96A8-200D0E95E1D3}.Release|Any CPU.Build.0 = Release|Any CPU
		{64DFD90F-0E8F-4572-A640-26E3865370E5}.Debug|Any CPU.ActiveCfg = Debug|Any CPU
		{64DFD90F-0E8F-4572-A640-26E3865370E5}.Debug|Any CPU.Build.0 = Debug|Any CPU
		{64DFD90F-0E8F-4572-A640-26E3865370E5}.Release|Any CPU.ActiveCfg = Release|Any CPU
		{64DFD90F-0E8F-4572-A640-26E3865370E5}.Release|Any CPU.Build.0 = Release|Any CPU
		{DB4E15BC-AC41-4F2D-ABB1-BAB8403642C5}.Debug|Any CPU.ActiveCfg = Debug|Any CPU
		{DB4E15BC-AC41-4F2D-ABB1-BAB8403642C5}.Debug|Any CPU.Build.0 = Debug|Any CPU
		{DB4E15BC-AC41-4F2D-ABB1-BAB8403642C5}.Release|Any CPU.ActiveCfg = Release|Any CPU
		{DB4E15BC-AC41-4F2D-ABB1-BAB8403642C5}.Release|Any CPU.Build.0 = Release|Any CPU
		{B1C24F0D-2F2B-40E1-9ACF-79FE9DE63744}.Debug|Any CPU.ActiveCfg = Debug|Any CPU
		{B1C24F0D-2F2B-40E1-9ACF-79FE9DE63744}.Debug|Any CPU.Build.0 = Debug|Any CPU
		{B1C24F0D-2F2B-40E1-9ACF-79FE9DE63744}.Release|Any CPU.ActiveCfg = Release|Any CPU
		{B1C24F0D-2F2B-40E1-9ACF-79FE9DE63744}.Release|Any CPU.Build.0 = Release|Any CPU
		{C63259FD-A6B0-4EEB-B4DA-EA9D5FCED830}.Debug|Any CPU.ActiveCfg = Debug|Any CPU
		{C63259FD-A6B0-4EEB-B4DA-EA9D5FCED830}.Debug|Any CPU.Build.0 = Debug|Any CPU
		{C63259FD-A6B0-4EEB-B4DA-EA9D5FCED830}.Release|Any CPU.ActiveCfg = Release|Any CPU
		{C63259FD-A6B0-4EEB-B4DA-EA9D5FCED830}.Release|Any CPU.Build.0 = Release|Any CPU
		{D7E478CA-1151-4AC1-9980-65AA85D7B79A}.Debug|Any CPU.ActiveCfg = Debug|Any CPU
		{D7E478CA-1151-4AC1-9980-65AA85D7B79A}.Debug|Any CPU.Build.0 = Debug|Any CPU
		{D7E478CA-1151-4AC1-9980-65AA85D7B79A}.Release|Any CPU.ActiveCfg = Release|Any CPU
		{D7E478CA-1151-4AC1-9980-65AA85D7B79A}.Release|Any CPU.Build.0 = Release|Any CPU
	EndGlobalSection
EndGlobal
